// !$*UTF8*$!
{
	archiveVersion = 1;
	classes = {
	};
	objectVersion = 46;
	objects = {

/* Begin PBXBuildFile section */
		F26E8236196520F50057BFC4 /* calendar-128.png in Resources */ = {isa = PBXBuildFile; fileRef = F26E822A196520F50057BFC4 /* calendar-128.png */; };
		F26E8237196520F50057BFC4 /* calendar-512.png in Resources */ = {isa = PBXBuildFile; fileRef = F26E822B196520F50057BFC4 /* calendar-512.png */; };
		F26E8238196520F50057BFC4 /* one_finger-128.png in Resources */ = {isa = PBXBuildFile; fileRef = F26E822C196520F50057BFC4 /* one_finger-128.png */; };
		F26E8239196520F50057BFC4 /* one_finger-512.png in Resources */ = {isa = PBXBuildFile; fileRef = F26E822D196520F50057BFC4 /* one_finger-512.png */; };
		F26E823A196520F50057BFC4 /* syringe-128.png in Resources */ = {isa = PBXBuildFile; fileRef = F26E822E196520F50057BFC4 /* syringe-128.png */; };
		F26E823B196520F50057BFC4 /* syringe-512.png in Resources */ = {isa = PBXBuildFile; fileRef = F26E822F196520F50057BFC4 /* syringe-512.png */; };
		F26E823C196520F50057BFC4 /* water-128.png in Resources */ = {isa = PBXBuildFile; fileRef = F26E8230196520F50057BFC4 /* water-128.png */; };
		F26E823D196520F50057BFC4 /* water-512.png in Resources */ = {isa = PBXBuildFile; fileRef = F26E8231196520F50057BFC4 /* water-512.png */; };
		F26E823E196520F50057BFC4 /* weight-128.png in Resources */ = {isa = PBXBuildFile; fileRef = F26E8232196520F50057BFC4 /* weight-128.png */; };
		F26E823F196520F50057BFC4 /* weight-512.png in Resources */ = {isa = PBXBuildFile; fileRef = F26E8233196520F50057BFC4 /* weight-512.png */; };
		F26E8240196520F50057BFC4 /* weightlift-128.png in Resources */ = {isa = PBXBuildFile; fileRef = F26E8234196520F50057BFC4 /* weightlift-128.png */; };
		F26E8241196520F50057BFC4 /* weightlift-512.png in Resources */ = {isa = PBXBuildFile; fileRef = F26E8235196520F50057BFC4 /* weightlift-512.png */; };
		F26E8243196521710057BFC4 /* walking-512.png in Resources */ = {isa = PBXBuildFile; fileRef = F26E8242196521710057BFC4 /* walking-512.png */; };
		F26E8245196525C90057BFC4 /* polyline-512.png in Resources */ = {isa = PBXBuildFile; fileRef = F26E8244196525C90057BFC4 /* polyline-512.png */; };
		F27F18EE196512C0006E14F9 /* Foundation.framework in Frameworks */ = {isa = PBXBuildFile; fileRef = F27F18ED196512C0006E14F9 /* Foundation.framework */; };
		F27F18F0196512C0006E14F9 /* CoreGraphics.framework in Frameworks */ = {isa = PBXBuildFile; fileRef = F27F18EF196512C0006E14F9 /* CoreGraphics.framework */; };
		F27F18F2196512C0006E14F9 /* UIKit.framework in Frameworks */ = {isa = PBXBuildFile; fileRef = F27F18F1196512C0006E14F9 /* UIKit.framework */; };
		F27F18F8196512C0006E14F9 /* InfoPlist.strings in Resources */ = {isa = PBXBuildFile; fileRef = F27F18F6196512C0006E14F9 /* InfoPlist.strings */; };
		F27F18FA196512C0006E14F9 /* main.m in Sources */ = {isa = PBXBuildFile; fileRef = F27F18F9196512C0006E14F9 /* main.m */; };
		F27F18FE196512C0006E14F9 /* AppDelegate.m in Sources */ = {isa = PBXBuildFile; fileRef = F27F18FD196512C0006E14F9 /* AppDelegate.m */; };
		F27F1901196512C0006E14F9 /* Main.storyboard in Resources */ = {isa = PBXBuildFile; fileRef = F27F18FF196512C0006E14F9 /* Main.storyboard */; };
		F27F1904196512C0006E14F9 /* ViewController.m in Sources */ = {isa = PBXBuildFile; fileRef = F27F1903196512C0006E14F9 /* ViewController.m */; };
		F27F1906196512C0006E14F9 /* Images.xcassets in Resources */ = {isa = PBXBuildFile; fileRef = F27F1905196512C0006E14F9 /* Images.xcassets */; };
		F27F190D196512C0006E14F9 /* XCTest.framework in Frameworks */ = {isa = PBXBuildFile; fileRef = F27F190C196512C0006E14F9 /* XCTest.framework */; };
		F27F190E196512C0006E14F9 /* Foundation.framework in Frameworks */ = {isa = PBXBuildFile; fileRef = F27F18ED196512C0006E14F9 /* Foundation.framework */; };
		F27F190F196512C0006E14F9 /* UIKit.framework in Frameworks */ = {isa = PBXBuildFile; fileRef = F27F18F1196512C0006E14F9 /* UIKit.framework */; };
		F27F1917196512C0006E14F9 /* InfoPlist.strings in Resources */ = {isa = PBXBuildFile; fileRef = F27F1915196512C0006E14F9 /* InfoPlist.strings */; };
		F27F1919196512C0006E14F9 /* LiveabetesTests.m in Sources */ = {isa = PBXBuildFile; fileRef = F27F1918196512C0006E14F9 /* LiveabetesTests.m */; };
		F2AFA87A196E1FFA000F84E6 /* settings-32.png in Resources */ = {isa = PBXBuildFile; fileRef = F2AFA879196E1FFA000F84E6 /* settings-32.png */; };
		F2AFA87E196E207A000F84E6 /* settings-25.png in Resources */ = {isa = PBXBuildFile; fileRef = F2AFA87D196E207A000F84E6 /* settings-25.png */; };
		F2AFA881196E2838000F84E6 /* GlucoseReadingsViewController.m in Sources */ = {isa = PBXBuildFile; fileRef = F2AFA880196E2838000F84E6 /* GlucoseReadingsViewController.m */; };
		F2AFA884196E2865000F84E6 /* AddGlucoseReadingViewController.m in Sources */ = {isa = PBXBuildFile; fileRef = F2AFA883196E2865000F84E6 /* AddGlucoseReadingViewController.m */; };
		F2AFA887196E321D000F84E6 /* GlucoseInfo.m in Sources */ = {isa = PBXBuildFile; fileRef = F2AFA886196E321D000F84E6 /* GlucoseInfo.m */; };
		F2CB742819653C6E007662DC /* ActivityViewController.m in Sources */ = {isa = PBXBuildFile; fileRef = F2CB742719653C6E007662DC /* ActivityViewController.m */; };
/* End PBXBuildFile section */

/* Begin PBXContainerItemProxy section */
		F27F1910196512C0006E14F9 /* PBXContainerItemProxy */ = {
			isa = PBXContainerItemProxy;
			containerPortal = F27F18E2196512C0006E14F9 /* Project object */;
			proxyType = 1;
			remoteGlobalIDString = F27F18E9196512C0006E14F9;
			remoteInfo = Liveabetes;
		};
/* End PBXContainerItemProxy section */

/* Begin PBXFileReference section */
		F26E822A196520F50057BFC4 /* calendar-128.png */ = {isa = PBXFileReference; lastKnownFileType = image.png; path = "calendar-128.png"; sourceTree = "<group>"; };
		F26E822B196520F50057BFC4 /* calendar-512.png */ = {isa = PBXFileReference; lastKnownFileType = image.png; path = "calendar-512.png"; sourceTree = "<group>"; };
		F26E822C196520F50057BFC4 /* one_finger-128.png */ = {isa = PBXFileReference; lastKnownFileType = image.png; path = "one_finger-128.png"; sourceTree = "<group>"; };
		F26E822D196520F50057BFC4 /* one_finger-512.png */ = {isa = PBXFileReference; lastKnownFileType = image.png; path = "one_finger-512.png"; sourceTree = "<group>"; };
		F26E822E196520F50057BFC4 /* syringe-128.png */ = {isa = PBXFileReference; lastKnownFileType = image.png; path = "syringe-128.png"; sourceTree = "<group>"; };
		F26E822F196520F50057BFC4 /* syringe-512.png */ = {isa = PBXFileReference; lastKnownFileType = image.png; path = "syringe-512.png"; sourceTree = "<group>"; };
		F26E8230196520F50057BFC4 /* water-128.png */ = {isa = PBXFileReference; lastKnownFileType = image.png; path = "water-128.png"; sourceTree = "<group>"; };
		F26E8231196520F50057BFC4 /* water-512.png */ = {isa = PBXFileReference; lastKnownFileType = image.png; path = "water-512.png"; sourceTree = "<group>"; };
		F26E8232196520F50057BFC4 /* weight-128.png */ = {isa = PBXFileReference; lastKnownFileType = image.png; path = "weight-128.png"; sourceTree = "<group>"; };
		F26E8233196520F50057BFC4 /* weight-512.png */ = {isa = PBXFileReference; lastKnownFileType = image.png; path = "weight-512.png"; sourceTree = "<group>"; };
		F26E8234196520F50057BFC4 /* weightlift-128.png */ = {isa = PBXFileReference; lastKnownFileType = image.png; path = "weightlift-128.png"; sourceTree = "<group>"; };
		F26E8235196520F50057BFC4 /* weightlift-512.png */ = {isa = PBXFileReference; lastKnownFileType = image.png; path = "weightlift-512.png"; sourceTree = "<group>"; };
		F26E8242196521710057BFC4 /* walking-512.png */ = {isa = PBXFileReference; lastKnownFileType = image.png; path = "walking-512.png"; sourceTree = "<group>"; };
		F26E8244196525C90057BFC4 /* polyline-512.png */ = {isa = PBXFileReference; lastKnownFileType = image.png; path = "polyline-512.png"; sourceTree = "<group>"; };
		F27F18EA196512C0006E14F9 /* Liveabetes.app */ = {isa = PBXFileReference; explicitFileType = wrapper.application; includeInIndex = 0; path = Liveabetes.app; sourceTree = BUILT_PRODUCTS_DIR; };
		F27F18ED196512C0006E14F9 /* Foundation.framework */ = {isa = PBXFileReference; lastKnownFileType = wrapper.framework; name = Foundation.framework; path = System/Library/Frameworks/Foundation.framework; sourceTree = SDKROOT; };
		F27F18EF196512C0006E14F9 /* CoreGraphics.framework */ = {isa = PBXFileReference; lastKnownFileType = wrapper.framework; name = CoreGraphics.framework; path = System/Library/Frameworks/CoreGraphics.framework; sourceTree = SDKROOT; };
		F27F18F1196512C0006E14F9 /* UIKit.framework */ = {isa = PBXFileReference; lastKnownFileType = wrapper.framework; name = UIKit.framework; path = System/Library/Frameworks/UIKit.framework; sourceTree = SDKROOT; };
		F27F18F5196512C0006E14F9 /* Liveabetes-Info.plist */ = {isa = PBXFileReference; lastKnownFileType = text.plist.xml; path = "Liveabetes-Info.plist"; sourceTree = "<group>"; };
		F27F18F7196512C0006E14F9 /* en */ = {isa = PBXFileReference; lastKnownFileType = text.plist.strings; name = en; path = en.lproj/InfoPlist.strings; sourceTree = "<group>"; };
		F27F18F9196512C0006E14F9 /* main.m */ = {isa = PBXFileReference; lastKnownFileType = sourcecode.c.objc; path = main.m; sourceTree = "<group>"; };
		F27F18FB196512C0006E14F9 /* Liveabetes-Prefix.pch */ = {isa = PBXFileReference; lastKnownFileType = sourcecode.c.h; path = "Liveabetes-Prefix.pch"; sourceTree = "<group>"; };
		F27F18FC196512C0006E14F9 /* AppDelegate.h */ = {isa = PBXFileReference; lastKnownFileType = sourcecode.c.h; path = AppDelegate.h; sourceTree = "<group>"; };
		F27F18FD196512C0006E14F9 /* AppDelegate.m */ = {isa = PBXFileReference; lastKnownFileType = sourcecode.c.objc; path = AppDelegate.m; sourceTree = "<group>"; };
		F27F1900196512C0006E14F9 /* Base */ = {isa = PBXFileReference; lastKnownFileType = file.storyboard; name = Base; path = Base.lproj/Main.storyboard; sourceTree = "<group>"; };
		F27F1902196512C0006E14F9 /* ViewController.h */ = {isa = PBXFileReference; lastKnownFileType = sourcecode.c.h; path = ViewController.h; sourceTree = "<group>"; };
		F27F1903196512C0006E14F9 /* ViewController.m */ = {isa = PBXFileReference; lastKnownFileType = sourcecode.c.objc; path = ViewController.m; sourceTree = "<group>"; };
		F27F1905196512C0006E14F9 /* Images.xcassets */ = {isa = PBXFileReference; lastKnownFileType = folder.assetcatalog; path = Images.xcassets; sourceTree = "<group>"; };
		F27F190B196512C0006E14F9 /* LiveabetesTests.xctest */ = {isa = PBXFileReference; explicitFileType = wrapper.cfbundle; includeInIndex = 0; path = LiveabetesTests.xctest; sourceTree = BUILT_PRODUCTS_DIR; };
		F27F190C196512C0006E14F9 /* XCTest.framework */ = {isa = PBXFileReference; lastKnownFileType = wrapper.framework; name = XCTest.framework; path = Library/Frameworks/XCTest.framework; sourceTree = DEVELOPER_DIR; };
		F27F1914196512C0006E14F9 /* LiveabetesTests-Info.plist */ = {isa = PBXFileReference; lastKnownFileType = text.plist.xml; path = "LiveabetesTests-Info.plist"; sourceTree = "<group>"; };
		F27F1916196512C0006E14F9 /* en */ = {isa = PBXFileReference; lastKnownFileType = text.plist.strings; name = en; path = en.lproj/InfoPlist.strings; sourceTree = "<group>"; };
		F27F1918196512C0006E14F9 /* LiveabetesTests.m */ = {isa = PBXFileReference; lastKnownFileType = sourcecode.c.objc; path = LiveabetesTests.m; sourceTree = "<group>"; };
		F2AFA879196E1FFA000F84E6 /* settings-32.png */ = {isa = PBXFileReference; lastKnownFileType = image.png; path = "settings-32.png"; sourceTree = "<group>"; };
		F2AFA87D196E207A000F84E6 /* settings-25.png */ = {isa = PBXFileReference; lastKnownFileType = image.png; name = "settings-25.png"; path = "../../../../Downloads/icons8_lightbox-4/PNG/25/settings-25.png"; sourceTree = "<group>"; };
		F2AFA87F196E2838000F84E6 /* GlucoseReadingsViewController.h */ = {isa = PBXFileReference; fileEncoding = 4; lastKnownFileType = sourcecode.c.h; path = GlucoseReadingsViewController.h; sourceTree = "<group>"; };
		F2AFA880196E2838000F84E6 /* GlucoseReadingsViewController.m */ = {isa = PBXFileReference; fileEncoding = 4; lastKnownFileType = sourcecode.c.objc; path = GlucoseReadingsViewController.m; sourceTree = "<group>"; };
		F2AFA882196E2865000F84E6 /* AddGlucoseReadingViewController.h */ = {isa = PBXFileReference; fileEncoding = 4; lastKnownFileType = sourcecode.c.h; path = AddGlucoseReadingViewController.h; sourceTree = "<group>"; };
		F2AFA883196E2865000F84E6 /* AddGlucoseReadingViewController.m */ = {isa = PBXFileReference; fileEncoding = 4; lastKnownFileType = sourcecode.c.objc; path = AddGlucoseReadingViewController.m; sourceTree = "<group>"; };
		F2AFA885196E321D000F84E6 /* GlucoseInfo.h */ = {isa = PBXFileReference; fileEncoding = 4; lastKnownFileType = sourcecode.c.h; path = GlucoseInfo.h; sourceTree = "<group>"; };
		F2AFA886196E321D000F84E6 /* GlucoseInfo.m */ = {isa = PBXFileReference; fileEncoding = 4; lastKnownFileType = sourcecode.c.objc; path = GlucoseInfo.m; sourceTree = "<group>"; };
		F2CB742619653C6E007662DC /* ActivityViewController.h */ = {isa = PBXFileReference; fileEncoding = 4; lastKnownFileType = sourcecode.c.h; path = ActivityViewController.h; sourceTree = "<group>"; };
		F2CB742719653C6E007662DC /* ActivityViewController.m */ = {isa = PBXFileReference; fileEncoding = 4; lastKnownFileType = sourcecode.c.objc; path = ActivityViewController.m; sourceTree = "<group>"; };
/* End PBXFileReference section */

/* Begin PBXFrameworksBuildPhase section */
		F27F18E7196512C0006E14F9 /* Frameworks */ = {
			isa = PBXFrameworksBuildPhase;
			buildActionMask = 2147483647;
			files = (
				F27F18F0196512C0006E14F9 /* CoreGraphics.framework in Frameworks */,
				F27F18F2196512C0006E14F9 /* UIKit.framework in Frameworks */,
				F27F18EE196512C0006E14F9 /* Foundation.framework in Frameworks */,
			);
			runOnlyForDeploymentPostprocessing = 0;
		};
		F27F1908196512C0006E14F9 /* Frameworks */ = {
			isa = PBXFrameworksBuildPhase;
			buildActionMask = 2147483647;
			files = (
				F27F190D196512C0006E14F9 /* XCTest.framework in Frameworks */,
				F27F190F196512C0006E14F9 /* UIKit.framework in Frameworks */,
				F27F190E196512C0006E14F9 /* Foundation.framework in Frameworks */,
			);
			runOnlyForDeploymentPostprocessing = 0;
		};
/* End PBXFrameworksBuildPhase section */

/* Begin PBXGroup section */
		F26E8229196520F50057BFC4 /* Live-a-betes Icons */ = {
			isa = PBXGroup;
			children = (
				F2AFA87D196E207A000F84E6 /* settings-25.png */,
				F2AFA879196E1FFA000F84E6 /* settings-32.png */,
				F26E8244196525C90057BFC4 /* polyline-512.png */,
				F26E8242196521710057BFC4 /* walking-512.png */,
				F26E822A196520F50057BFC4 /* calendar-128.png */,
				F26E822B196520F50057BFC4 /* calendar-512.png */,
				F26E822C196520F50057BFC4 /* one_finger-128.png */,
				F26E822D196520F50057BFC4 /* one_finger-512.png */,
				F26E822E196520F50057BFC4 /* syringe-128.png */,
				F26E822F196520F50057BFC4 /* syringe-512.png */,
				F26E8230196520F50057BFC4 /* water-128.png */,
				F26E8231196520F50057BFC4 /* water-512.png */,
				F26E8232196520F50057BFC4 /* weight-128.png */,
				F26E8233196520F50057BFC4 /* weight-512.png */,
				F26E8234196520F50057BFC4 /* weightlift-128.png */,
				F26E8235196520F50057BFC4 /* weightlift-512.png */,
			);
			path = "Live-a-betes Icons";
			sourceTree = "<group>";
		};
		F27F18E1196512C0006E14F9 = {
			isa = PBXGroup;
			children = (
				F27F18F3196512C0006E14F9 /* Liveabetes */,
				F27F1912196512C0006E14F9 /* LiveabetesTests */,
				F27F18EC196512C0006E14F9 /* Frameworks */,
				F27F18EB196512C0006E14F9 /* Products */,
			);
			sourceTree = "<group>";
		};
		F27F18EB196512C0006E14F9 /* Products */ = {
			isa = PBXGroup;
			children = (
				F27F18EA196512C0006E14F9 /* Liveabetes.app */,
				F27F190B196512C0006E14F9 /* LiveabetesTests.xctest */,
			);
			name = Products;
			sourceTree = "<group>";
		};
		F27F18EC196512C0006E14F9 /* Frameworks */ = {
			isa = PBXGroup;
			children = (
				F27F18ED196512C0006E14F9 /* Foundation.framework */,
				F27F18EF196512C0006E14F9 /* CoreGraphics.framework */,
				F27F18F1196512C0006E14F9 /* UIKit.framework */,
				F27F190C196512C0006E14F9 /* XCTest.framework */,
			);
			name = Frameworks;
			sourceTree = "<group>";
		};
		F27F18F3196512C0006E14F9 /* Liveabetes */ = {
			isa = PBXGroup;
			children = (
				F27F18FC196512C0006E14F9 /* AppDelegate.h */,
				F27F18FD196512C0006E14F9 /* AppDelegate.m */,
				F27F18FF196512C0006E14F9 /* Main.storyboard */,
				F2AFA885196E321D000F84E6 /* GlucoseInfo.h */,
				F2AFA886196E321D000F84E6 /* GlucoseInfo.m */,
				F2AFA882196E2865000F84E6 /* AddGlucoseReadingViewController.h */,
				F2AFA883196E2865000F84E6 /* AddGlucoseReadingViewController.m */,
				F2AFA87F196E2838000F84E6 /* GlucoseReadingsViewController.h */,
				F2AFA880196E2838000F84E6 /* GlucoseReadingsViewController.m */,
				F2CB742619653C6E007662DC /* ActivityViewController.h */,
				F2CB742719653C6E007662DC /* ActivityViewController.m */,
				F27F1902196512C0006E14F9 /* ViewController.h */,
				F27F1903196512C0006E14F9 /* ViewController.m */,
				F27F1905196512C0006E14F9 /* Images.xcassets */,
				F27F18F4196512C0006E14F9 /* Supporting Files */,
			);
			path = Liveabetes;
			sourceTree = "<group>";
		};
		F27F18F4196512C0006E14F9 /* Supporting Files */ = {
			isa = PBXGroup;
			children = (
				F26E8229196520F50057BFC4 /* Live-a-betes Icons */,
				F27F18F5196512C0006E14F9 /* Liveabetes-Info.plist */,
				F27F18F6196512C0006E14F9 /* InfoPlist.strings */,
				F27F18F9196512C0006E14F9 /* main.m */,
				F27F18FB196512C0006E14F9 /* Liveabetes-Prefix.pch */,
			);
			name = "Supporting Files";
			sourceTree = "<group>";
		};
		F27F1912196512C0006E14F9 /* LiveabetesTests */ = {
			isa = PBXGroup;
			children = (
				F27F1918196512C0006E14F9 /* LiveabetesTests.m */,
				F27F1913196512C0006E14F9 /* Supporting Files */,
			);
			path = LiveabetesTests;
			sourceTree = "<group>";
		};
		F27F1913196512C0006E14F9 /* Supporting Files */ = {
			isa = PBXGroup;
			children = (
				F27F1914196512C0006E14F9 /* LiveabetesTests-Info.plist */,
				F27F1915196512C0006E14F9 /* InfoPlist.strings */,
			);
			name = "Supporting Files";
			sourceTree = "<group>";
		};
/* End PBXGroup section */

/* Begin PBXNativeTarget section */
		F27F18E9196512C0006E14F9 /* Liveabetes */ = {
			isa = PBXNativeTarget;
			buildConfigurationList = F27F191C196512C0006E14F9 /* Build configuration list for PBXNativeTarget "Liveabetes" */;
			buildPhases = (
				F27F18E6196512C0006E14F9 /* Sources */,
				F27F18E7196512C0006E14F9 /* Frameworks */,
				F27F18E8196512C0006E14F9 /* Resources */,
			);
			buildRules = (
			);
			dependencies = (
			);
			name = Liveabetes;
			productName = Liveabetes;
			productReference = F27F18EA196512C0006E14F9 /* Liveabetes.app */;
			productType = "com.apple.product-type.application";
		};
		F27F190A196512C0006E14F9 /* LiveabetesTests */ = {
			isa = PBXNativeTarget;
			buildConfigurationList = F27F191F196512C0006E14F9 /* Build configuration list for PBXNativeTarget "LiveabetesTests" */;
			buildPhases = (
				F27F1907196512C0006E14F9 /* Sources */,
				F27F1908196512C0006E14F9 /* Frameworks */,
				F27F1909196512C0006E14F9 /* Resources */,
			);
			buildRules = (
			);
			dependencies = (
				F27F1911196512C0006E14F9 /* PBXTargetDependency */,
			);
			name = LiveabetesTests;
			productName = LiveabetesTests;
			productReference = F27F190B196512C0006E14F9 /* LiveabetesTests.xctest */;
			productType = "com.apple.product-type.bundle.unit-test";
		};
/* End PBXNativeTarget section */

/* Begin PBXProject section */
		F27F18E2196512C0006E14F9 /* Project object */ = {
			isa = PBXProject;
			attributes = {
				LastUpgradeCheck = 0510;
				ORGANIZATIONNAME = Lamendola;
				TargetAttributes = {
					F27F18E9196512C0006E14F9 = {
						DevelopmentTeam = US869A6C32;
					};
					F27F190A196512C0006E14F9 = {
						TestTargetID = F27F18E9196512C0006E14F9;
					};
				};
			};
			buildConfigurationList = F27F18E5196512C0006E14F9 /* Build configuration list for PBXProject "Liveabetes" */;
			compatibilityVersion = "Xcode 3.2";
			developmentRegion = English;
			hasScannedForEncodings = 0;
			knownRegions = (
				en,
				Base,
			);
			mainGroup = F27F18E1196512C0006E14F9;
			productRefGroup = F27F18EB196512C0006E14F9 /* Products */;
			projectDirPath = "";
			projectRoot = "";
			targets = (
				F27F18E9196512C0006E14F9 /* Liveabetes */,
				F27F190A196512C0006E14F9 /* LiveabetesTests */,
			);
		};
/* End PBXProject section */

/* Begin PBXResourcesBuildPhase section */
		F27F18E8196512C0006E14F9 /* Resources */ = {
			isa = PBXResourcesBuildPhase;
			buildActionMask = 2147483647;
			files = (
				F27F1906196512C0006E14F9 /* Images.xcassets in Resources */,
				F26E823E196520F50057BFC4 /* weight-128.png in Resources */,
				F26E8237196520F50057BFC4 /* calendar-512.png in Resources */,
				F26E8239196520F50057BFC4 /* one_finger-512.png in Resources */,
				F26E8243196521710057BFC4 /* walking-512.png in Resources */,
				F26E8245196525C90057BFC4 /* polyline-512.png in Resources */,
				F26E823D196520F50057BFC4 /* water-512.png in Resources */,
				F26E823C196520F50057BFC4 /* water-128.png in Resources */,
				F26E823B196520F50057BFC4 /* syringe-512.png in Resources */,
				F26E8241196520F50057BFC4 /* weightlift-512.png in Resources */,
				F26E823A196520F50057BFC4 /* syringe-128.png in Resources */,
				F26E8236196520F50057BFC4 /* calendar-128.png in Resources */,
				F26E8238196520F50057BFC4 /* one_finger-128.png in Resources */,
				F2AFA87E196E207A000F84E6 /* settings-25.png in Resources */,
				F26E823F196520F50057BFC4 /* weight-512.png in Resources */,
				F27F18F8196512C0006E14F9 /* InfoPlist.strings in Resources */,
				F26E8240196520F50057BFC4 /* weightlift-128.png in Resources */,
				F27F1901196512C0006E14F9 /* Main.storyboard in Resources */,
				F2AFA87A196E1FFA000F84E6 /* settings-32.png in Resources */,
			);
			runOnlyForDeploymentPostprocessing = 0;
		};
		F27F1909196512C0006E14F9 /* Resources */ = {
			isa = PBXResourcesBuildPhase;
			buildActionMask = 2147483647;
			files = (
				F27F1917196512C0006E14F9 /* InfoPlist.strings in Resources */,
			);
			runOnlyForDeploymentPostprocessing = 0;
		};
/* End PBXResourcesBuildPhase section */

/* Begin PBXSourcesBuildPhase section */
		F27F18E6196512C0006E14F9 /* Sources */ = {
			isa = PBXSourcesBuildPhase;
			buildActionMask = 2147483647;
			files = (
				F27F1904196512C0006E14F9 /* ViewController.m in Sources */,
				F2AFA887196E321D000F84E6 /* GlucoseInfo.m in Sources */,
				F27F18FE196512C0006E14F9 /* AppDelegate.m in Sources */,
				F2AFA881196E2838000F84E6 /* GlucoseReadingsViewController.m in Sources */,
				F27F18FA196512C0006E14F9 /* main.m in Sources */,
				F2AFA884196E2865000F84E6 /* AddGlucoseReadingViewController.m in Sources */,
				F2CB742819653C6E007662DC /* ActivityViewController.m in Sources */,
			);
			runOnlyForDeploymentPostprocessing = 0;
		};
		F27F1907196512C0006E14F9 /* Sources */ = {
			isa = PBXSourcesBuildPhase;
			buildActionMask = 2147483647;
			files = (
				F27F1919196512C0006E14F9 /* LiveabetesTests.m in Sources */,
			);
			runOnlyForDeploymentPostprocessing = 0;
		};
/* End PBXSourcesBuildPhase section */

/* Begin PBXTargetDependency section */
		F27F1911196512C0006E14F9 /* PBXTargetDependency */ = {
			isa = PBXTargetDependency;
			target = F27F18E9196512C0006E14F9 /* Liveabetes */;
			targetProxy = F27F1910196512C0006E14F9 /* PBXContainerItemProxy */;
		};
/* End PBXTargetDependency section */

/* Begin PBXVariantGroup section */
		F27F18F6196512C0006E14F9 /* InfoPlist.strings */ = {
			isa = PBXVariantGroup;
			children = (
				F27F18F7196512C0006E14F9 /* en */,
			);
			name = InfoPlist.strings;
			sourceTree = "<group>";
		};
		F27F18FF196512C0006E14F9 /* Main.storyboard */ = {
			isa = PBXVariantGroup;
			children = (
				F27F1900196512C0006E14F9 /* Base */,
			);
			name = Main.storyboard;
			sourceTree = "<group>";
		};
		F27F1915196512C0006E14F9 /* InfoPlist.strings */ = {
			isa = PBXVariantGroup;
			children = (
				F27F1916196512C0006E14F9 /* en */,
			);
			name = InfoPlist.strings;
			sourceTree = "<group>";
		};
/* End PBXVariantGroup section */

/* Begin XCBuildConfiguration section */
		F27F191A196512C0006E14F9 /* Debug */ = {
			isa = XCBuildConfiguration;
			buildSettings = {
				ALWAYS_SEARCH_USER_PATHS = NO;
				CLANG_CXX_LANGUAGE_STANDARD = "gnu++0x";
				CLANG_CXX_LIBRARY = "libc++";
				CLANG_ENABLE_MODULES = YES;
				CLANG_ENABLE_OBJC_ARC = YES;
				CLANG_WARN_BOOL_CONVERSION = YES;
				CLANG_WARN_CONSTANT_CONVERSION = YES;
				CLANG_WARN_DIRECT_OBJC_ISA_USAGE = YES_ERROR;
				CLANG_WARN_EMPTY_BODY = YES;
				CLANG_WARN_ENUM_CONVERSION = YES;
				CLANG_WARN_INT_CONVERSION = YES;
				CLANG_WARN_OBJC_ROOT_CLASS = YES_ERROR;
				CLANG_WARN__DUPLICATE_METHOD_MATCH = YES;
				"CODE_SIGN_IDENTITY[sdk=iphoneos*]" = "iPhone Developer";
				COPY_PHASE_STRIP = NO;
				GCC_C_LANGUAGE_STANDARD = gnu99;
				GCC_DYNAMIC_NO_PIC = NO;
				GCC_OPTIMIZATION_LEVEL = 0;
				GCC_PREPROCESSOR_DEFINITIONS = (
					"DEBUG=1",
					"$(inherited)",
				);
				GCC_SYMBOLS_PRIVATE_EXTERN = NO;
				GCC_WARN_64_TO_32_BIT_CONVERSION = YES;
				GCC_WARN_ABOUT_RETURN_TYPE = YES_ERROR;
				GCC_WARN_UNDECLARED_SELECTOR = YES;
				GCC_WARN_UNINITIALIZED_AUTOS = YES_AGGRESSIVE;
				GCC_WARN_UNUSED_FUNCTION = YES;
				GCC_WARN_UNUSED_VARIABLE = YES;
				IPHONEOS_DEPLOYMENT_TARGET = 7.1;
				ONLY_ACTIVE_ARCH = YES;
				SDKROOT = iphoneos;
			};
			name = Debug;
		};
		F27F191B196512C0006E14F9 /* Release */ = {
			isa = XCBuildConfiguration;
			buildSettings = {
				ALWAYS_SEARCH_USER_PATHS = NO;
				CLANG_CXX_LANGUAGE_STANDARD = "gnu++0x";
				CLANG_CXX_LIBRARY = "libc++";
				CLANG_ENABLE_MODULES = YES;
				CLANG_ENABLE_OBJC_ARC = YES;
				CLANG_WARN_BOOL_CONVERSION = YES;
				CLANG_WARN_CONSTANT_CONVERSION = YES;
				CLANG_WARN_DIRECT_OBJC_ISA_USAGE = YES_ERROR;
				CLANG_WARN_EMPTY_BODY = YES;
				CLANG_WARN_ENUM_CONVERSION = YES;
				CLANG_WARN_INT_CONVERSION = YES;
				CLANG_WARN_OBJC_ROOT_CLASS = YES_ERROR;
				CLANG_WARN__DUPLICATE_METHOD_MATCH = YES;
				"CODE_SIGN_IDENTITY[sdk=iphoneos*]" = "iPhone Developer";
				COPY_PHASE_STRIP = YES;
				ENABLE_NS_ASSERTIONS = NO;
				GCC_C_LANGUAGE_STANDARD = gnu99;
				GCC_WARN_64_TO_32_BIT_CONVERSION = YES;
				GCC_WARN_ABOUT_RETURN_TYPE = YES_ERROR;
				GCC_WARN_UNDECLARED_SELECTOR = YES;
				GCC_WARN_UNINITIALIZED_AUTOS = YES_AGGRESSIVE;
				GCC_WARN_UNUSED_FUNCTION = YES;
				GCC_WARN_UNUSED_VARIABLE = YES;
				IPHONEOS_DEPLOYMENT_TARGET = 7.1;
				SDKROOT = iphoneos;
				VALIDATE_PRODUCT = YES;
			};
			name = Release;
		};
		F27F191D196512C0006E14F9 /* Debug */ = {
			isa = XCBuildConfiguration;
			buildSettings = {
				ASSETCATALOG_COMPILER_APPICON_NAME = AppIcon;
				ASSETCATALOG_COMPILER_LAUNCHIMAGE_NAME = LaunchImage;
				CODE_SIGN_IDENTITY = "iPhone Developer";
				"CODE_SIGN_IDENTITY[sdk=iphoneos*]" = "iPhone Developer";
				GCC_PRECOMPILE_PREFIX_HEADER = YES;
				GCC_PREFIX_HEADER = "Liveabetes/Liveabetes-Prefix.pch";
				INFOPLIST_FILE = "Liveabetes/Liveabetes-Info.plist";
				PRODUCT_NAME = "$(TARGET_NAME)";
				PROVISIONING_PROFILE = "";
				WRAPPER_EXTENSION = app;
			};
			name = Debug;
		};
		F27F191E196512C0006E14F9 /* Release */ = {
			isa = XCBuildConfiguration;
			buildSettings = {
				ASSETCATALOG_COMPILER_APPICON_NAME = AppIcon;
				ASSETCATALOG_COMPILER_LAUNCHIMAGE_NAME = LaunchImage;
				CODE_SIGN_IDENTITY = "iPhone Developer";
				"CODE_SIGN_IDENTITY[sdk=iphoneos*]" = "iPhone Developer";
				GCC_PRECOMPILE_PREFIX_HEADER = YES;
				GCC_PREFIX_HEADER = "Liveabetes/Liveabetes-Prefix.pch";
				INFOPLIST_FILE = "Liveabetes/Liveabetes-Info.plist";
				PRODUCT_NAME = "$(TARGET_NAME)";
				PROVISIONING_PROFILE = "";
				WRAPPER_EXTENSION = app;
			};
			name = Release;
		};
		F27F1920196512C0006E14F9 /* Debug */ = {
			isa = XCBuildConfiguration;
			buildSettings = {
				BUNDLE_LOADER = "$(BUILT_PRODUCTS_DIR)/Liveabetes.app/Liveabetes";
				FRAMEWORK_SEARCH_PATHS = (
					"$(SDKROOT)/Developer/Library/Frameworks",
					"$(inherited)",
					"$(DEVELOPER_FRAMEWORKS_DIR)",
				);
				GCC_PRECOMPILE_PREFIX_HEADER = YES;
				GCC_PREFIX_HEADER = "Liveabetes/Liveabetes-Prefix.pch";
				GCC_PREPROCESSOR_DEFINITIONS = (
					"DEBUG=1",
					"$(inherited)",
				);
				INFOPLIST_FILE = "LiveabetesTests/LiveabetesTests-Info.plist";
				PRODUCT_NAME = "$(TARGET_NAME)";
				TEST_HOST = "$(BUNDLE_LOADER)";
				WRAPPER_EXTENSION = xctest;
			};
			name = Debug;
		};
		F27F1921196512C0006E14F9 /* Release */ = {
			isa = XCBuildConfiguration;
			buildSettings = {
				BUNDLE_LOADER = "$(BUILT_PRODUCTS_DIR)/Liveabetes.app/Liveabetes";
				FRAMEWORK_SEARCH_PATHS = (
					"$(SDKROOT)/Developer/Library/Frameworks",
					"$(inherited)",
					"$(DEVELOPER_FRAMEWORKS_DIR)",
				);
				GCC_PRECOMPILE_PREFIX_HEADER = YES;
				GCC_PREFIX_HEADER = "Liveabetes/Liveabetes-Prefix.pch";
				INFOPLIST_FILE = "LiveabetesTests/LiveabetesTests-Info.plist";
				PRODUCT_NAME = "$(TARGET_NAME)";
				TEST_HOST = "$(BUNDLE_LOADER)";
				WRAPPER_EXTENSION = xctest;
			};
			name = Release;
		};
/* End XCBuildConfiguration section */

/* Begin XCConfigurationList section */
		F27F18E5196512C0006E14F9 /* Build configuration list for PBXProject "Liveabetes" */ = {
			isa = XCConfigurationList;
			buildConfigurations = (
				F27F191A196512C0006E14F9 /* Debug */,
				F27F191B196512C0006E14F9 /* Release */,
			);
			defaultConfigurationIsVisible = 0;
			defaultConfigurationName = Release;
		};
		F27F191C196512C0006E14F9 /* Build configuration list for PBXNativeTarget "Liveabetes" */ = {
			isa = XCConfigurationList;
			buildConfigurations = (
				F27F191D196512C0006E14F9 /* Debug */,
				F27F191E196512C0006E14F9 /* Release */,
			);
			defaultConfigurationIsVisible = 0;
			defaultConfigurationName = Release;
		};
		F27F191F196512C0006E14F9 /* Build configuration list for PBXNativeTarget "LiveabetesTests" */ = {
			isa = XCConfigurationList;
			buildConfigurations = (
				F27F1920196512C0006E14F9 /* Debug */,
				F27F1921196512C0006E14F9 /* Release */,
			);
			defaultConfigurationIsVisible = 0;
			defaultConfigurationName = Release;
		};
/* End XCConfigurationList section */
	};
	rootObject = F27F18E2196512C0006E14F9 /* Project object */;
}
